{
  "name": "game-demo",
  "version": "3.0.0",
  "lockfileVersion": 2,
  "requires": true,
  "packages": {
    "": {
      "name": "game-demo",
      "version": "3.0.0",
      "dependencies": {
        "minigame-api-typings": "^3.8.1"
      }
    },
    "node_modules/minigame-api-typings": {
      "version": "3.8.1",
      "resolved": "https://registry.npmmirror.com/minigame-api-typings/-/minigame-api-typings-3.8.1.tgz",
      "integrity": "sha512-Rg2AS7HAIxt3+NC3hfZdQZP/KAk+Ar/0PBOg3/jxAbo5n0/jiy0VOiqGp+3FqRIlTlMTkR9oe9wqAAwhcCEm3w=="
    }
  },
  "dependencies": {
    "minigame-api-typings": {
      "version": "3.8.1",
      "resolved": "https://registry.npmmirror.com/minigame-api-typings/-/minigame-api-typings-3.8.1.tgz",
      "integrity": "sha512-Rg2AS7HAIxt3+NC3hfZdQZP/KAk+Ar/0PBOg3/jxAbo5n0/jiy0VOiqGp+3FqRIlTlMTkR9oe9wqAAwhcCEm3w=="
    }
  }
}
